github.com/Financial-Times/go-fthealth v0.0.0-20171204124831-1b007e2b37b7 h1:dkf1EOTiHXA2lG2EJuePEim6y0HEOPt0hcqsT/qUr/k=
github.com/Financial-Times/go-fthealth v0.0.0-20171204124831-1b007e2b37b7/go.mod h1:gpAzq6W5rCheYlY32JOIxS/VjVcYHbC2PkMzQngHT9c=
github.com/Financial-Times/go-logger v0.0.0-20171020134212-ec38b420999c h1:A7iKRlkrf64XqWTTky2pwrdI61xws2pTpOfy6hXhbDY=
github.com/Financial-Times/go-logger v0.0.0-20171020134212-ec38b420999c/go.mod h1:NI4Dg39A21H57YC2nG8C42C6ENz/YVsI0jMQWngJzR0=
github.com/Financial-Times/kafka-client-go v0.0.0-20180521133824-5aa30a327517 h1:H+qEU050p9nLp7LwZiFU4mCFB9Z1IwzkdUF3OAjZC7M=
github.com/Financial-Times/kafka-client-go v0.0.0-20180521133824-5aa30a327517/go.mod h1:IRxo6zPqM44uCWpM7YBkm5o9lOxwPgR0/WvCX0KcV/Y=
github.com/Financial-Times/service-status-go v0.0.0-20160323111542-3f5199736a3d h1:USNBTIof6vWGM49SYrxvC5Y8NqyDL3YuuYmID81ORZQ=
github.com/Financial-Times/service-status-go v0.0.0-20160323111542-3f5199736a3d/go.mod h1:7zULC9rrq6KxFkpB3Y5zNVaEwrf1g2m3dvXJBPDXyvM=
github.com/Shopify/sarama v1.16.0 h1:9pI5+ZN06jB3bu5kHXqzzaErMC5rimcIZBQL9IOiEQ0=
github.com/Shopify/sarama v1.16.0/go.mod h1:FVkBWblsNy7DGZRfXLU0O9RCGt5g3g3yEuWXgklEdEo=
github.com/davecgh/go-spew v1.1.0 h1:ZDRjVQ15GmhC3fiQ8ni8+OwkZQO4DARzQgrnXU1Liz8=
github.com/davecgh/go-spew v1.1.0/go.mod h1:J7Y8YcW2NihsgmVo/mv3lAwl/skON4iLHjSsI+c5H38=
github.com/eapache/go-resiliency v1.0.1-0.20170607163615-b1fe83b5b03f h1:ESrtrj7vW7CDCw+Qxby3OY1ES1tpWh7qEDhWnHqaw0o=
github.com/eapache/go-resiliency v1.0.1-0.20170607163615-b1fe83b5b03f/go.mod h1:kFI+JgMyC7bLPUVY133qvEBtVayf5mFgVsvEsIPBvNs=
github.com/eapache/go-xerial-snappy v0.0.0-20160609142408-bb955e01b934 h1:oGLoaVIefp3tiOgi7+KInR/nNPvEpPM6GFo+El7fd14=
github.com/eapache/go-xerial-snappy v0.0.0-20160609142408-bb955e01b934/go.mod h1:+020luEh2TKB4/GOp8oxxtq0Daoen/Cii55CzbTV6DU=
github.com/eapache/queue v1.1.0 h1:YOEu7KNc61ntiQlcEeUIoDTJ2o8mQznoNvUhiigpIqc=
github.com/eapache/queue v1.1.0/go.mod h1:6eCeP0CKFpHLu8blIFXhExK/dRa7WDZfr6jVFPTqq+I=
github.com/golang/snappy v0.0.0-20170215233205-553a64147049 h1:K9KHZbXKpGydfDN0aZrsoHpLJlZsBrGMFWbgLDGnPZk=
github.com/golang/snappy v0.0.0-20170215233205-553a64147049/go.mod h1:/XxbfmMg8lxefKM7IXC3fBNl/7bRcc72aCRzEWrmP2Q=
github.com/gorilla/context v1.1.1/go.mod h1:kBGZzfjB9CEq2AlWe17Uuf7NDRt0dE0s8S51q0aT7Yg=
github.com/gorilla/mux v1.4.1-0.20170704074345-ac112f7d75a0 h1:8Af9zlckTJqhTTSj8p1/yVbGMfsHqw/M52z/iJSg0I8=
github.com/gorilla/mux v1.4.1-0.20170704074345-ac112f7d75a0/go.mod h1:1lud6UwP+6orDFRuTfBEV8e9/aOM/c4fVVCaMa2zaAs=
github.com/hashicorp/go-version v0.0.0-20170202080759-03c5bf6be031 h1:c3Xdf5fTpk+hqhxqCO+ymqjfUXV9+GZqNgTtlnVzDos=
github.com/hashicorp/go-version v0.0.0-20170202080759-03c5bf6be031/go.mod h1:fltr4n8CU8Ke44wwGCBoEymUuxUHl09ZGVZPK5anwXA=
github.com/jawher/mow.cli v0.0.0-20170430135212-8327d12beb75 h1:/reuM6ZouMUJRt1bl3oHOPWWnpGTILV+nkCnsd8OjFE=
github.com/jawher/mow.cli v0.0.0-20170430135212-8327d12beb75/go.mod h1:5hQj2V8g+qYmLUVWqu4Wuja1pI57M83EChYLVZ0sMKk=
github.com/pierrec/lz4 v0.0.0-20170519170625-5a3d2245f97f h1:iQP9y+u9EebJ5sr9f1/z1TYz8mdIZUF6BU/CJpbCqME=
github.com/pierrec/lz4 v0.0.0-20170519170625-5a3d2245f97f/go.mod h1:pdkljMzZIN41W+lC3N2tnIh5sFi+IEE17M5jbnwPHcY=
github.com/pierrec/xxHash v0.0.0-20170714082455-a0006b13c722 h1:nDDVHJzMIpkkKZpBBhV60OLwII/BvZSn4PijkMEKdTo=
github.com/pierrec/xxHash v0.0.0-20170714082455-a0006b13c722/go.mod h1:w2waW5Zoa/Wc4Yqe0wgrIYAGKqRMf7czn2HNKXmuL+I=
github.com/pkg/errors v0.8.0 h1:WdK/asTD0HN+q6hsWO3/vpuAkAr+tw6aNJNDFFf0+qw=
github.com/pkg/errors v0.8.0/go.mod h1:bwawxfHBFNV+L2hUp1rHADufV3IMtnDRdf1r5NINEl0=
github.com/pmezard/go-difflib v1.0.0 h1:4DBwDE0NGyQoBHbLQYPwSUPoCMWR5BEzIk/f1lZbAQM=
github.com/pmezard/go-difflib v1.0.0/go.mod h1:iKH77koFhYxTK1pcRnkKkqfTogsbg7gZNVY4sRDYZ/4=
github.com/rcrowley/go-metrics v0.0.0-20161128210544-1f30fe9094a5 h1:gwcdIpH6NU2iF8CmcqD+CP6+1CkRBOhHaPR+iu6raBY=
github.com/rcrowley/go-metrics v0.0.0-20161128210544-1f30fe9094a5/go.mod h1:bCqnVzQkZxMG4s8nGwiZ5l3QUCyqpo9Y+/ZMZ9VjZe4=
github.com/samuel/go-zookeeper v0.0.0-20161028232340-1d7be4effb13 h1:4AQBn5RJY4WH8t8TLEMZUsWeXHAUcoao42TCAfpEJJE=
github.com/samuel/go-zookeeper v0.0.0-20161028232340-1d7be4effb13/go.mod h1:gi+0XIa01GRL2eRQVjQkKGqKF3SF9vZR/HnPullcV2E=
github.com/satori/go.uuid v1.1.1-0.20170321230731-5bf94b69c6b6 h1:oZag5hylqWwZrDdj/laMwWQnXaeWBQf66qm4PGQI6Wc=
github.com/satori/go.uuid v1.1.1-0.20170321230731-5bf94b69c6b6/go.mod h1:dA0hQrYB0VpLJoorglMZABFdXlWrHn1NEOzdhQKdks0=
github.com/sirupsen/logrus v1.0.4 h1:gzbtLsZC3Ic5PptoRG+kQj4L60qjK7H7XszrU163JNQ=
github.com/sirupsen/logrus v1.0.4/go.mod h1:pMByvHTf9Beacp5x1UXfOR9xyW/9antXMhjMPG0dEzc=
github.com/stretchr/objx v0.1.0 h1:4G4v2dO3VZwixGIRoQ5Lfboy6nUhCyYzaqnIAPPhYs4=
github.com/stretchr/objx v0.1.0/go.mod h1:HFkY916IF+rwdDfMAkV7OtwuqBVzrE8GR6GFx+wExME=
github.com/stretchr/testify v1.1.5-0.20170809224252-890a5c3458b4 h1:c5DdG2to+wHgjlxcmknq5BnzaaJ0N0W842kLlOSurXc=
github.com/stretchr/testify v1.1.5-0.20170809224252-890a5c3458b4/go.mod h1:a8OnRcib4nhh0OaRAV+Yts87kKdq0PP7pXfy6kDkUVs=
github.com/wvanbergen/kafka v0.0.0-20160927093020-bc265fedb9ff h1:Iaz9mJ5lO66pjv9nrxYsNiitkknL5zCm5qxVA7lQTlo=
github.com/wvanbergen/kafka v0.0.0-20160927093020-bc265fedb9ff/go.mod h1:nxx7XRXbR9ykhnC8lXqQyJS0rfvJGxKyKw/sT1YOttg=
github.com/wvanbergen/kazoo-go v0.0.0-20160930072434-968957352185 h1:+b/S4QSIfGycLsqxeiLRMBx9cK3ttBO1kzaFWpjFfYM=
github.com/wvanbergen/kazoo-go v0.0.0-20160930072434-968957352185/go.mod h1:vQQATAGxVK20DC1rRubTJbZDDhhpA4QfU02pMdPxGO4=
golang.org/x/crypto v0.0.0-20180126023034-0efb9460aaf8 h1:Zo2vpU+U5vPbewQu40kiyl+leKUYgBTrzOvNMyak3nI=
golang.org/x/crypto v0.0.0-20180126023034-0efb9460aaf8/go.mod h1:6SG95UA2DQfeDnfUPMdvaQW0Q7yPrPDi9nlGo2tz2b4=
golang.org/x/sys v0.0.0-20180125145336-03467258950d h1:k2dq1Wml6VWhNH5ZD1vTP+2hOFHaHYTR3M82zs8KE1Y=
golang.org/x/sys v0.0.0-20180125145336-03467258950d/go.mod h1:STP8DvDyc/dI5b8T5hshtkjS+E42TnysNCUPdjciGhY=
